
Microsoft Visual Studio Solution File, Format Version 12.00
# Visual Studio Version 17
VisualStudioVersion = 17.8.34316.72
MinimumVisualStudioVersion = 10.0.40219.1
Project("{FAE04EC0-301F-11D3-BF4B-00C04F79EFBC}") = "Html Serializer", "Html Serializer\Html Serializer.csproj", "{5C3778C3-787A-41DA-8A17-15FAEE2C3B9D}"
EndProject
Global
	GlobalSection(SolutionConfigurationPlatforms) = preSolution
		Debug|Any CPU = Debug|Any CPU
		Release|Any CPU = Release|Any CPU
	EndGlobalSection
	GlobalSection(ProjectConfigurationPlatforms) = postSolution
		{5C3778C3-787A-41DA-8A17-15FAEE2C3B9D}.Debug|Any CPU.ActiveCfg = Debug|Any CPU
		{5C3778C3-787A-41DA-8A17-15FAEE2C3B9D}.Debug|Any CPU.Build.0 = Debug|Any CPU
		{5C3778C3-787A-41DA-8A17-15FAEE2C3B9D}.Release|Any CPU.ActiveCfg = Release|Any CPU
		{5C3778C3-787A-41DA-8A17-15FAEE2C3B9D}.Release|Any CPU.Build.0 = Release|Any CPU
	EndGlobalSection
	GlobalSection(SolutionProperties) = preSolution
		HideSolutionNode = FALSE
	EndGlobalSection
	GlobalSection(ExtensibilityGlobals) = postSolution
		SolutionGuid = {DE33B65A-8AEB-4C29-9066-BF3400B58751}
	EndGlobalSection
EndGlobal
